
Microsoft Visual Studio Solution File, Format Version 12.00
# Visual Studio Version 16
VisualStudioVersion = 16.0.31911.196
MinimumVisualStudioVersion = 10.0.40219.1
Project("{2150E333-8FDC-42A3-9474-1A3956D46DE8}") = "Application", "Application", "{D83AA707-96E8-4755-B278-BCAECB0256EA}"
EndProject
Project("{2150E333-8FDC-42A3-9474-1A3956D46DE8}") = "Domain", "Domain", "{993D7746-4E4D-4F1F-8CA8-FF375EC3380E}"
EndProject
Project("{2150E333-8FDC-42A3-9474-1A3956D46DE8}") = "Infrastructure.Data", "Infrastructure.Data", "{362D990E-2019-420E-9AD8-A746C79B1B0D}"
EndProject
Project("{2150E333-8FDC-42A3-9474-1A3956D46DE8}") = "Infrastructure.Ioc", "Infrastructure.Ioc", "{5F5C9200-5B1D-4814-B00A-564002B96413}"
EndProject
Project("{2150E333-8FDC-42A3-9474-1A3956D46DE8}") = "Presentation", "Presentation", "{9007BEA5-1C89-48DE-B570-9899347C9FE6}"
EndProject
Project("{FAE04EC0-301F-11D3-BF4B-00C04F79EFBC}") = "Asp.NetCoreWithAngular", "Asp.NetCoreWithAngular\Asp.NetCoreWithAngular.csproj", "{277A6D62-E885-4CBC-9339-D45E5CD67EC8}"
EndProject
Global
	GlobalSection(SolutionConfigurationPlatforms) = preSolution
		Debug|Any CPU = Debug|Any CPU
		Release|Any CPU = Release|Any CPU
	EndGlobalSection
	GlobalSection(ProjectConfigurationPlatforms) = postSolution
		{277A6D62-E885-4CBC-9339-D45E5CD67EC8}.Debug|Any CPU.ActiveCfg = Debug|Any CPU
		{277A6D62-E885-4CBC-9339-D45E5CD67EC8}.Debug|Any CPU.Build.0 = Debug|Any CPU
		{277A6D62-E885-4CBC-9339-D45E5CD67EC8}.Release|Any CPU.ActiveCfg = Release|Any CPU
		{277A6D62-E885-4CBC-9339-D45E5CD67EC8}.Release|Any CPU.Build.0 = Release|Any CPU
	EndGlobalSection
	GlobalSection(SolutionProperties) = preSolution
		HideSolutionNode = FALSE
	EndGlobalSection
	GlobalSection(NestedProjects) = preSolution
		{277A6D62-E885-4CBC-9339-D45E5CD67EC8} = {9007BEA5-1C89-48DE-B570-9899347C9FE6}
	EndGlobalSection
	GlobalSection(ExtensibilityGlobals) = postSolution
		SolutionGuid = {4F30A97C-E671-443B-A475-F838D6D2DBAD}
	EndGlobalSection
EndGlobal
